// !$*UTF8*$!
{
	archiveVersion = 1;
	classes = {
	};
	objectVersion = 48;
	objects = {

/* Begin PBXBuildFile section */
		8CEF092E1FB297E00011785E /* AppDelegate.swift in Sources */ = {isa = PBXBuildFile; fileRef = 8CEF092D1FB297E00011785E /* AppDelegate.swift */; };
		8CEF09301FB297E00011785E /* ViewController.swift in Sources */ = {isa = PBXBuildFile; fileRef = 8CEF092F1FB297E00011785E /* ViewController.swift */; };
		8CEF09331FB297E00011785E /* Main.storyboard in Resources */ = {isa = PBXBuildFile; fileRef = 8CEF09311FB297E00011785E /* Main.storyboard */; };
		8CEF09351FB297E00011785E /* Assets.xcassets in Resources */ = {isa = PBXBuildFile; fileRef = 8CEF09341FB297E00011785E /* Assets.xcassets */; };
		8CEF09381FB297E00011785E /* LaunchScreen.storyboard in Resources */ = {isa = PBXBuildFile; fileRef = 8CEF09361FB297E00011785E /* LaunchScreen.storyboard */; };
		8CEF09431FB297E00011785E /* neswTests.swift in Sources */ = {isa = PBXBuildFile; fileRef = 8CEF09421FB297E00011785E /* neswTests.swift */; };
		8CEF094E1FB297E10011785E /* neswUITests.swift in Sources */ = {isa = PBXBuildFile; fileRef = 8CEF094D1FB297E10011785E /* neswUITests.swift */; };
		8CEF095C1FB299E10011785E /* second.swift in Sources */ = {isa = PBXBuildFile; fileRef = 8CEF095B1FB299E10011785E /* second.swift */; };
		8CEF095E1FB4E3E20011785E /* File.swift in Sources */ = {isa = PBXBuildFile; fileRef = 8CEF095D1FB4E3E20011785E /* File.swift */; };
/* End PBXBuildFile section */

/* Begin PBXContainerItemProxy section */
		8CEF093F1FB297E00011785E /* PBXContainerItemProxy */ = {
			isa = PBXContainerItemProxy;
			containerPortal = 8CEF09221FB297E00011785E /* Project object */;
			proxyType = 1;
			remoteGlobalIDString = 8CEF09291FB297E00011785E;
			remoteInfo = nesw;
		};
		8CEF094A1FB297E10011785E /* PBXContainerItemProxy */ = {
			isa = PBXContainerItemProxy;
			containerPortal = 8CEF09221FB297E00011785E /* Project object */;
			proxyType = 1;
			remoteGlobalIDString = 8CEF09291FB297E00011785E;
			remoteInfo = nesw;
		};
/* End PBXContainerItemProxy section */

/* Begin PBXFileReference section */
		8CEF092A1FB297E00011785E /* nesw.app */ = {isa = PBXFileReference; explicitFileType = wrapper.application; includeInIndex = 0; path = nesw.app; sourceTree = BUILT_PRODUCTS_DIR; };
		8CEF092D1FB297E00011785E /* AppDelegate.swift */ = {isa = PBXFileReference; lastKnownFileType = sourcecode.swift; path = AppDelegate.swift; sourceTree = "<group>"; };
		8CEF092F1FB297E00011785E /* ViewController.swift */ = {isa = PBXFileReference; lastKnownFileType = sourcecode.swift; path = ViewController.swift; sourceTree = "<group>"; };
		8CEF09321FB297E00011785E /* Base */ = {isa = PBXFileReference; lastKnownFileType = file.storyboard; name = Base; path = Base.lproj/Main.storyboard; sourceTree = "<group>"; };
		8CEF09341FB297E00011785E /* Assets.xcassets */ = {isa = PBXFileReference; lastKnownFileType = folder.assetcatalog; path = Assets.xcassets; sourceTree = "<group>"; };
		8CEF09371FB297E00011785E /* Base */ = {isa = PBXFileReference; lastKnownFileType = file.storyboard; name = Base; path = Base.lproj/LaunchScreen.storyboard; sourceTree = "<group>"; };
		8CEF09391FB297E00011785E /* Info.plist */ = {isa = PBXFileReference; lastKnownFileType = text.plist.xml; path = Info.plist; sourceTree = "<group>"; };
		8CEF093E1FB297E00011785E /* neswTests.xctest */ = {isa = PBXFileReference; explicitFileType = wrapper.cfbundle; includeInIndex = 0; path = neswTests.xctest; sourceTree = BUILT_PRODUCTS_DIR; };
		8CEF09421FB297E00011785E /* neswTests.swift */ = {isa = PBXFileReference; lastKnownFileType = sourcecode.swift; path = neswTests.swift; sourceTree = "<group>"; };
		8CEF09441FB297E00011785E /* Info.plist */ = {isa = PBXFileReference; lastKnownFileType = text.plist.xml; path = Info.plist; sourceTree = "<group>"; };
		8CEF09491FB297E10011785E /* neswUITests.xctest */ = {isa = PBXFileReference; explicitFileType = wrapper.cfbundle; includeInIndex = 0; path = neswUITests.xctest; sourceTree = BUILT_PRODUCTS_DIR; };
		8CEF094D1FB297E10011785E /* neswUITests.swift */ = {isa = PBXFileReference; lastKnownFileType = sourcecode.swift; path = neswUITests.swift; sourceTree = "<group>"; };
		8CEF094F1FB297E10011785E /* Info.plist */ = {isa = PBXFileReference; lastKnownFileType = text.plist.xml; path = Info.plist; sourceTree = "<group>"; };
		8CEF095B1FB299E10011785E /* second.swift */ = {isa = PBXFileReference; lastKnownFileType = sourcecode.swift; path = second.swift; sourceTree = "<group>"; };
		8CEF095D1FB4E3E20011785E /* File.swift */ = {isa = PBXFileReference; lastKnownFileType = sourcecode.swift; path = File.swift; sourceTree = "<group>"; };
/* End PBXFileReference section */

/* Begin PBXFrameworksBuildPhase section */
		8CEF09271FB297E00011785E /* Frameworks */ = {
			isa = PBXFrameworksBuildPhase;
			buildActionMask = 2147483647;
			files = (
			);
			runOnlyForDeploymentPostprocessing = 0;
		};
		8CEF093B1FB297E00011785E /* Frameworks */ = {
			isa = PBXFrameworksBuildPhase;
			buildActionMask = 2147483647;
			files = (
			);
			runOnlyForDeploymentPostprocessing = 0;
		};
		8CEF09461FB297E10011785E /* Frameworks */ = {
			isa = PBXFrameworksBuildPhase;
			buildActionMask = 2147483647;
			files = (
			);
			runOnlyForDeploymentPostprocessing = 0;
		};
/* End PBXFrameworksBuildPhase section */

/* Begin PBXGroup section */
		8CEF09211FB297E00011785E = {
			isa = PBXGroup;
			children = (
				8CEF095D1FB4E3E20011785E /* File.swift */,
				8CEF092C1FB297E00011785E /* nesw */,
				8CEF09411FB297E00011785E /* neswTests */,
				8CEF094C1FB297E10011785E /* neswUITests */,
				8CEF092B1FB297E00011785E /* Products */,
			);
			sourceTree = "<group>";
		};
		8CEF092B1FB297E00011785E /* Products */ = {
			isa = PBXGroup;
			children = (
				8CEF092A1FB297E00011785E /* nesw.app */,
				8CEF093E1FB297E00011785E /* neswTests.xctest */,
				8CEF09491FB297E10011785E /* neswUITests.xctest */,
			);
			name = Products;
			sourceTree = "<group>";
		};
		8CEF092C1FB297E00011785E /* nesw */ = {
			isa = PBXGroup;
			children = (
				8CEF092D1FB297E00011785E /* AppDelegate.swift */,
				8CEF092F1FB297E00011785E /* ViewController.swift */,
				8CEF09311FB297E00011785E /* Main.storyboard */,
				8CEF095B1FB299E10011785E /* second.swift */,
				8CEF09341FB297E00011785E /* Assets.xcassets */,
				8CEF09361FB297E00011785E /* LaunchScreen.storyboard */,
				8CEF09391FB297E00011785E /* Info.plist */,
			);
			path = nesw;
			sourceTree = "<group>";
		};
		8CEF09411FB297E00011785E /* neswTests */ = {
			isa = PBXGroup;
			children = (
				8CEF09421FB297E00011785E /* neswTests.swift */,
				8CEF09441FB297E00011785E /* Info.plist */,
			);
			path = neswTests;
			sourceTree = "<group>";
		};
		8CEF094C1FB297E10011785E /* neswUITests */ = {
			isa = PBXGroup;
			children = (
				8CEF094D1FB297E10011785E /* neswUITests.swift */,
				8CEF094F1FB297E10011785E /* Info.plist */,
			);
			path = neswUITests;
			sourceTree = "<group>";
		};
/* End PBXGroup section */

/* Begin PBXNativeTarget section */
		8CEF09291FB297E00011785E /* nesw */ = {
			isa = PBXNativeTarget;
			buildConfigurationList = 8CEF09521FB297E10011785E /* Build configuration list for PBXNativeTarget "nesw" */;
			buildPhases = (
				8CEF09261FB297E00011785E /* Sources */,
				8CEF09271FB297E00011785E /* Frameworks */,
				8CEF09281FB297E00011785E /* Resources */,
			);
			buildRules = (
			);
			dependencies = (
			);
			name = nesw;
			productName = nesw;
			productReference = 8CEF092A1FB297E00011785E /* nesw.app */;
			productType = "com.apple.product-type.application";
		};
		8CEF093D1FB297E00011785E /* neswTests */ = {
			isa = PBXNativeTarget;
			buildConfigurationList = 8CEF09551FB297E10011785E /* Build configuration list for PBXNativeTarget "neswTests" */;
			buildPhases = (
				8CEF093A1FB297E00011785E /* Sources */,
				8CEF093B1FB297E00011785E /* Frameworks */,
				8CEF093C1FB297E00011785E /* Resources */,
			);
			buildRules = (
			);
			dependencies = (
				8CEF09401FB297E00011785E /* PBXTargetDependency */,
			);
			name = neswTests;
			productName = neswTests;
			productReference = 8CEF093E1FB297E00011785E /* neswTests.xctest */;
			productType = "com.apple.product-type.bundle.unit-test";
		};
		8CEF09481FB297E10011785E /* neswUITests */ = {
			isa = PBXNativeTarget;
			buildConfigurationList = 8CEF09581FB297E10011785E /* Build configuration list for PBXNativeTarget "neswUITests" */;
			buildPhases = (
				8CEF09451FB297E10011785E /* Sources */,
				8CEF09461FB297E10011785E /* Frameworks */,
				8CEF09471FB297E10011785E /* Resources */,
			);
			buildRules = (
			);
			dependencies = (
				8CEF094B1FB297E10011785E /* PBXTargetDependency */,
			);
			name = neswUITests;
			productName = neswUITests;
			productReference = 8CEF09491FB297E10011785E /* neswUITests.xctest */;
			productType = "com.apple.product-type.bundle.ui-testing";
		};
/* End PBXNativeTarget section */

/* Begin PBXProject section */
		8CEF09221FB297E00011785E /* Project object */ = {
			isa = PBXProject;
			attributes = {
				LastSwiftUpdateCheck = 0900;
				LastUpgradeCheck = 0900;
				ORGANIZATIONNAME = "Tiffani Fox";
				TargetAttributes = {
					8CEF09291FB297E00011785E = {
						CreatedOnToolsVersion = 9.0.1;
						ProvisioningStyle = Automatic;
					};
					8CEF093D1FB297E00011785E = {
						CreatedOnToolsVersion = 9.0.1;
						ProvisioningStyle = Automatic;
						TestTargetID = 8CEF09291FB297E00011785E;
					};
					8CEF09481FB297E10011785E = {
						CreatedOnToolsVersion = 9.0.1;
						ProvisioningStyle = Automatic;
						TestTargetID = 8CEF09291FB297E00011785E;
					};
				};
			};
			buildConfigurationList = 8CEF09251FB297E00011785E /* Build configuration list for PBXProject "nesw" */;
			compatibilityVersion = "Xcode 8.0";
			developmentRegion = en;
			hasScannedForEncodings = 0;
			knownRegions = (
				en,
				Base,
			);
			mainGroup = 8CEF09211FB297E00011785E;
			productRefGroup = 8CEF092B1FB297E00011785E /* Products */;
			projectDirPath = "";
			projectRoot = "";
			targets = (
				8CEF09291FB297E00011785E /* nesw */,
				8CEF093D1FB297E00011785E /* neswTests */,
				8CEF09481FB297E10011785E /* neswUITests */,
			);
		};
/* End PBXProject section */

/* Begin PBXResourcesBuildPhase section */
		8CEF09281FB297E00011785E /* Resources */ = {
			isa = PBXResourcesBuildPhase;
			buildActionMask = 2147483647;
			files = (
				8CEF09381FB297E00011785E /* LaunchScreen.storyboard in Resources */,
				8CEF09351FB297E00011785E /* Assets.xcassets in Resources */,
				8CEF09331FB297E00011785E /* Main.storyboard in Resources */,
			);
			runOnlyForDeploymentPostprocessing = 0;
		};
		8CEF093C1FB297E00011785E /* Resources */ = {
			isa = PBXResourcesBuildPhase;
			buildActionMask = 2147483647;
			files = (
			);
			runOnlyForDeploymentPostprocessing = 0;
		};
		8CEF09471FB297E10011785E /* Resources */ = {
			isa = PBXResourcesBuildPhase;
			buildActionMask = 2147483647;
			files = (
			);
			runOnlyForDeploymentPostprocessing = 0;
		};
/* End PBXResourcesBuildPhase section */

/* Begin PBXSourcesBuildPhase section */
		8CEF09261FB297E00011785E /* Sources */ = {
			isa = PBXSourcesBuildPhase;
			buildActionMask = 2147483647;
			files = (
				8CEF09301FB297E00011785E /* ViewController.swift in Sources */,
				8CEF095E1FB4E3E20011785E /* File.swift in Sources */,
				8CEF092E1FB297E00011785E /* AppDelegate.swift in Sources */,
				8CEF095C1FB299E10011785E /* second.swift in Sources */,
			);
			runOnlyForDeploymentPostprocessing = 0;
		};
		8CEF093A1FB297E00011785E /* Sources */ = {
			isa = PBXSourcesBuildPhase;
			buildActionMask = 2147483647;
			files = (
				8CEF09431FB297E00011785E /* neswTests.swift in Sources */,
			);
			runOnlyForDeploymentPostprocessing = 0;
		};
		8CEF09451FB297E10011785E /* Sources */ = {
			isa = PBXSourcesBuildPhase;
			buildActionMask = 2147483647;
			files = (
				8CEF094E1FB297E10011785E /* neswUITests.swift in Sources */,
			);
			runOnlyForDeploymentPostprocessing = 0;
		};
/* End PBXSourcesBuildPhase section */

/* Begin PBXTargetDependency section */
		8CEF09401FB297E00011785E /* PBXTargetDependency */ = {
			isa = PBXTargetDependency;
			target = 8CEF09291FB297E00011785E /* nesw */;
			targetProxy = 8CEF093F1FB297E00011785E /* PBXContainerItemProxy */;
		};
		8CEF094B1FB297E10011785E /* PBXTargetDependency */ = {
			isa = PBXTargetDependency;
			target = 8CEF09291FB297E00011785E /* nesw */;
			targetProxy = 8CEF094A1FB297E10011785E /* PBXContainerItemProxy */;
		};
/* End PBXTargetDependency section */

/* Begin PBXVariantGroup section */
		8CEF09311FB297E00011785E /* Main.storyboard */ = {
			isa = PBXVariantGroup;
			children = (
				8CEF09321FB297E00011785E /* Base */,
			);
			name = Main.storyboard;
			sourceTree = "<group>";
		};
		8CEF09361FB297E00011785E /* LaunchScreen.storyboard */ = {
			isa = PBXVariantGroup;
			children = (
				8CEF09371FB297E00011785E /* Base */,
			);
			name = LaunchScreen.storyboard;
			sourceTree = "<group>";
		};
/* End PBXVariantGroup section */

/* Begin XCBuildConfiguration section */
		8CEF09501FB297E10011785E /* Debug */ = {
			isa = XCBuildConfiguration;
			buildSettings = {
				ALWAYS_SEARCH_USER_PATHS = NO;
				CLANG_ANALYZER_NONNULL = YES;
				CLANG_ANALYZER_NUMBER_OBJECT_CONVERSION = YES_AGGRESSIVE;
				CLANG_CXX_LANGUAGE_STANDARD = "gnu++14";
				CLANG_CXX_LIBRARY = "libc++";
				CLANG_ENABLE_MODULES = YES;
				CLANG_ENABLE_OBJC_ARC = YES;
				CLANG_WARN_BLOCK_CAPTURE_AUTORELEASING = YES;
				CLANG_WARN_BOOL_CONVERSION = YES;
				CLANG_WARN_COMMA = YES;
				CLANG_WARN_CONSTANT_CONVERSION = YES;
				CLANG_WARN_DIRECT_OBJC_ISA_USAGE = YES_ERROR;
				CLANG_WARN_DOCUMENTATION_COMMENTS = YES;
				CLANG_WARN_EMPTY_BODY = YES;
				CLANG_WARN_ENUM_CONVERSION = YES;
				CLANG_WARN_INFINITE_RECURSION = YES;
				CLANG_WARN_INT_CONVERSION = YES;
				CLANG_WARN_NON_LITERAL_NULL_CONVERSION = YES;
				CLANG_WARN_OBJC_LITERAL_CONVERSION = YES;
				CLANG_WARN_OBJC_ROOT_CLASS = YES_ERROR;
				CLANG_WARN_RANGE_LOOP_ANALYSIS = YES;
				CLANG_WARN_STRICT_PROTOTYPES = YES;
				CLANG_WARN_SUSPICIOUS_MOVE = YES;
				CLANG_WARN_UNGUARDED_AVAILABILITY = YES_AGGRESSIVE;
				CLANG_WARN_UNREACHABLE_CODE = YES;
				CLANG_WARN__DUPLICATE_METHOD_MATCH = YES;
				CODE_SIGN_IDENTITY = "iPhone Developer";
				COPY_PHASE_STRIP = NO;
				DEBUG_INFORMATION_FORMAT = dwarf;
				ENABLE_STRICT_OBJC_MSGSEND = YES;
				ENABLE_TESTABILITY = YES;
				GCC_C_LANGUAGE_STANDARD = gnu11;
				GCC_DYNAMIC_NO_PIC = NO;
				GCC_NO_COMMON_BLOCKS = YES;
				GCC_OPTIMIZATION_LEVEL = 0;
				GCC_PREPROCESSOR_DEFINITIONS = (
					"DEBUG=1",
					"$(inherited)",
				);
				GCC_WARN_64_TO_32_BIT_CONVERSION = YES;
				GCC_WARN_ABOUT_RETURN_TYPE = YES_ERROR;
				GCC_WARN_UNDECLARED_SELECTOR = YES;
				GCC_WARN_UNINITIALIZED_AUTOS = YES_AGGRESSIVE;
				GCC_WARN_UNUSED_FUNCTION = YES;
				GCC_WARN_UNUSED_VARIABLE = YES;
				IPHONEOS_DEPLOYMENT_TARGET = 11.0;
				MTL_ENABLE_DEBUG_INFO = YES;
				ONLY_ACTIVE_ARCH = YES;
				SDKROOT = iphoneos;
				SWIFT_ACTIVE_COMPILATION_CONDITIONS = DEBUG;
				SWIFT_OPTIMIZATION_LEVEL = "-Onone";
			};
			name = Debug;
		};
		8CEF09511FB297E10011785E /* Release */ = {
			isa = XCBuildConfiguration;
			buildSettings = {
				ALWAYS_SEARCH_USER_PATHS = NO;
				CLANG_ANALYZER_NONNULL = YES;
				CLANG_ANALYZER_NUMBER_OBJECT_CONVERSION = YES_AGGRESSIVE;
				CLANG_CXX_LANGUAGE_STANDARD = "gnu++14";
				CLANG_CXX_LIBRARY = "libc++";
				CLANG_ENABLE_MODULES = YES;
				CLANG_ENABLE_OBJC_ARC = YES;
				CLANG_WARN_BLOCK_CAPTURE_AUTORELEASING = YES;
				CLANG_WARN_BOOL_CONVERSION = YES;
				CLANG_WARN_COMMA = YES;
				CLANG_WARN_CONSTANT_CONVERSION = YES;
				CLANG_WARN_DIRECT_OBJC_ISA_USAGE = YES_ERROR;
				CLANG_WARN_DOCUMENTATION_COMMENTS = YES;
				CLANG_WARN_EMPTY_BODY = YES;
				CLANG_WARN_ENUM_CONVERSION = YES;
				CLANG_WARN_INFINITE_RECURSION = YES;
				CLANG_WARN_INT_CONVERSION = YES;
				CLANG_WARN_NON_LITERAL_NULL_CONVERSION = YES;
				CLANG_WARN_OBJC_LITERAL_CONVERSION = YES;
				CLANG_WARN_OBJC_ROOT_CLASS = YES_ERROR;
				CLANG_WARN_RANGE_LOOP_ANALYSIS = YES;
				CLANG_WARN_STRICT_PROTOTYPES = YES;
				CLANG_WARN_SUSPICIOUS_MOVE = YES;
				CLANG_WARN_UNGUARDED_AVAILABILITY = YES_AGGRESSIVE;
				CLANG_WARN_UNREACHABLE_CODE = YES;
				CLANG_WARN__DUPLICATE_METHOD_MATCH = YES;
				CODE_SIGN_IDENTITY = "iPhone Developer";
				COPY_PHASE_STRIP = NO;
				DEBUG_INFORMATION_FORMAT = "dwarf-with-dsym";
				ENABLE_NS_ASSERTIONS = NO;
				ENABLE_STRICT_OBJC_MSGSEND = YES;
				GCC_C_LANGUAGE_STANDARD = gnu11;
				GCC_NO_COMMON_BLOCKS = YES;
				GCC_WARN_64_TO_32_BIT_CONVERSION = YES;
				GCC_WARN_ABOUT_RETURN_TYPE = YES_ERROR;
				GCC_WARN_UNDECLARED_SELECTOR = YES;
				GCC_WARN_UNINITIALIZED_AUTOS = YES_AGGRESSIVE;
				GCC_WARN_UNUSED_FUNCTION = YES;
				GCC_WARN_UNUSED_VARIABLE = YES;
				IPHONEOS_DEPLOYMENT_TARGET = 11.0;
				MTL_ENABLE_DEBUG_INFO = NO;
				SDKROOT = iphoneos;
				SWIFT_OPTIMIZATION_LEVEL = "-Owholemodule";
				VALIDATE_PRODUCT = YES;
			};
			name = Release;
		};
		8CEF09531FB297E10011785E /* Debug */ = {
			isa = XCBuildConfiguration;
			buildSettings = {
				ASSETCATALOG_COMPILER_APPICON_NAME = AppIcon;
				CODE_SIGN_STYLE = Automatic;
				INFOPLIST_FILE = nesw/Info.plist;
				LD_RUNPATH_SEARCH_PATHS = "$(inherited) @executable_path/Frameworks";
				PRODUCT_BUNDLE_IDENTIFIER = com.codingdojo.nesw;
				PRODUCT_NAME = "$(TARGET_NAME)";
				SWIFT_VERSION = 4.0;
				TARGETED_DEVICE_FAMILY = "1,2";
			};
			name = Debug;
		};
		8CEF09541FB297E10011785E /* Release */ = {
			isa = XCBuildConfiguration;
			buildSettings = {
				ASSETCATALOG_COMPILER_APPICON_NAME = AppIcon;
				CODE_SIGN_STYLE = Automatic;
				INFOPLIST_FILE = nesw/Info.plist;
				LD_RUNPATH_SEARCH_PATHS = "$(inherited) @executable_path/Frameworks";
				PRODUCT_BUNDLE_IDENTIFIER = com.codingdojo.nesw;
				PRODUCT_NAME = "$(TARGET_NAME)";
				SWIFT_VERSION = 4.0;
				TARGETED_DEVICE_FAMILY = "1,2";
			};
			name = Release;
		};
		8CEF09561FB297E10011785E /* Debug */ = {
			isa = XCBuildConfiguration;
			buildSettings = {
				ALWAYS_EMBED_SWIFT_STANDARD_LIBRARIES = YES;
				BUNDLE_LOADER = "$(TEST_HOST)";
				CODE_SIGN_STYLE = Automatic;
				INFOPLIST_FILE = neswTests/Info.plist;
				LD_RUNPATH_SEARCH_PATHS = "$(inherited) @executable_path/Frameworks @loader_path/Frameworks";
				PRODUCT_BUNDLE_IDENTIFIER = com.codingdojo.neswTests;
				PRODUCT_NAME = "$(TARGET_NAME)";
				SWIFT_VERSION = 4.0;
				TARGETED_DEVICE_FAMILY = "1,2";
				TEST_HOST = "$(BUILT_PRODUCTS_DIR)/nesw.app/nesw";
			};
			name = Debug;
		};
		8CEF09571FB297E10011785E /* Release */ = {
			isa = XCBuildConfiguration;
			buildSettings = {
				ALWAYS_EMBED_SWIFT_STANDARD_LIBRARIES = YES;
				BUNDLE_LOADER = "$(TEST_HOST)";
				CODE_SIGN_STYLE = Automatic;
				INFOPLIST_FILE = neswTests/Info.plist;
				LD_RUNPATH_SEARCH_PATHS = "$(inherited) @executable_path/Frameworks @loader_path/Frameworks";
				PRODUCT_BUNDLE_IDENTIFIER = com.codingdojo.neswTests;
				PRODUCT_NAME = "$(TARGET_NAME)";
				SWIFT_VERSION = 4.0;
				TARGETED_DEVICE_FAMILY = "1,2";
				TEST_HOST = "$(BUILT_PRODUCTS_DIR)/nesw.app/nesw";
			};
			name = Release;
		};
		8CEF09591FB297E10011785E /* Debug */ = {
			isa = XCBuildConfiguration;
			buildSettings = {
				ALWAYS_EMBED_SWIFT_STANDARD_LIBRARIES = YES;
				CODE_SIGN_STYLE = Automatic;
				INFOPLIST_FILE = neswUITests/Info.plist;
				LD_RUNPATH_SEARCH_PATHS = "$(inherited) @executable_path/Frameworks @loader_path/Frameworks";
				PRODUCT_BUNDLE_IDENTIFIER = com.codingdojo.neswUITests;
				PRODUCT_NAME = "$(TARGET_NAME)";
				SWIFT_VERSION = 4.0;
				TARGETED_DEVICE_FAMILY = "1,2";
				TEST_TARGET_NAME = nesw;
			};
			name = Debug;
		};
		8CEF095A1FB297E10011785E /* Release */ = {
			isa = XCBuildConfiguration;
			buildSettings = {
				ALWAYS_EMBED_SWIFT_STANDARD_LIBRARIES = YES;
				CODE_SIGN_STYLE = Automatic;
				INFOPLIST_FILE = neswUITests/Info.plist;
				LD_RUNPATH_SEARCH_PATHS = "$(inherited) @executable_path/Frameworks @loader_path/Frameworks";
				PRODUCT_BUNDLE_IDENTIFIER = com.codingdojo.neswUITests;
				PRODUCT_NAME = "$(TARGET_NAME)";
				SWIFT_VERSION = 4.0;
				TARGETED_DEVICE_FAMILY = "1,2";
				TEST_TARGET_NAME = nesw;
			};
			name = Release;
		};
/* End XCBuildConfiguration section */

/* Begin XCConfigurationList section */
		8CEF09251FB297E00011785E /* Build configuration list for PBXProject "nesw" */ = {
			isa = XCConfigurationList;
			buildConfigurations = (
				8CEF09501FB297E10011785E /* Debug */,
				8CEF09511FB297E10011785E /* Release */,
			);
			defaultConfigurationIsVisible = 0;
			defaultConfigurationName = Release;
		};
		8CEF09521FB297E10011785E /* Build configuration list for PBXNativeTarget "nesw" */ = {
			isa = XCConfigurationList;
			buildConfigurations = (
				8CEF09531FB297E10011785E /* Debug */,
				8CEF09541FB297E10011785E /* Release */,
			);
			defaultConfigurationIsVisible = 0;
			defaultConfigurationName = Release;
		};
		8CEF09551FB297E10011785E /* Build configuration list for PBXNativeTarget "neswTests" */ = {
			isa = XCConfigurationList;
			buildConfigurations = (
				8CEF09561FB297E10011785E /* Debug */,
				8CEF09571FB297E10011785E /* Release */,
			);
			defaultConfigurationIsVisible = 0;
			defaultConfigurationName = Release;
		};
		8CEF09581FB297E10011785E /* Build configuration list for PBXNativeTarget "neswUITests" */ = {
			isa = XCConfigurationList;
			buildConfigurations = (
				8CEF09591FB297E10011785E /* Debug */,
				8CEF095A1FB297E10011785E /* Release */,
			);
			defaultConfigurationIsVisible = 0;
			defaultConfigurationName = Release;
		};
/* End XCConfigurationList section */
	};
	rootObject = 8CEF09221FB297E00011785E /* Project object */;
}
